// !$*UTF8*$!
{
	archiveVersion = 1;
	classes = {
	};
	objectVersion = 56;
	objects = {

/* Begin PBXBuildFile section */
		8C2C43932B66EBDA00CD7F80 /* TestView4.swift in Sources */ = {isa = PBXBuildFile; fileRef = 8C2C43922B66EBDA00CD7F80 /* TestView4.swift */; };
		8C2C43952B66EF1900CD7F80 /* TestView5.swift in Sources */ = {isa = PBXBuildFile; fileRef = 8C2C43942B66EF1900CD7F80 /* TestView5.swift */; };
		8C2C43972B66EFA400CD7F80 /* TestView6.swift in Sources */ = {isa = PBXBuildFile; fileRef = 8C2C43962B66EFA400CD7F80 /* TestView6.swift */; };
		8C2C43992B66F04500CD7F80 /* TestView7.swift in Sources */ = {isa = PBXBuildFile; fileRef = 8C2C43982B66F04500CD7F80 /* TestView7.swift */; };
		8C2C439B2B66F2F500CD7F80 /* TestView8.swift in Sources */ = {isa = PBXBuildFile; fileRef = 8C2C439A2B66F2F500CD7F80 /* TestView8.swift */; };
		8C2C439F2B66F4EE00CD7F80 /* TestView9.swift in Sources */ = {isa = PBXBuildFile; fileRef = 8C2C439E2B66F4EE00CD7F80 /* TestView9.swift */; };
		8C2C43A12B66F90500CD7F80 /* TestView10.swift in Sources */ = {isa = PBXBuildFile; fileRef = 8C2C43A02B66F90500CD7F80 /* TestView10.swift */; };
		8C3B465B2B66DE6E005E7230 /* SwiftUIProject18App.swift in Sources */ = {isa = PBXBuildFile; fileRef = 8C3B465A2B66DE6E005E7230 /* SwiftUIProject18App.swift */; };
		8C3B465D2B66DE6E005E7230 /* ContentView.swift in Sources */ = {isa = PBXBuildFile; fileRef = 8C3B465C2B66DE6E005E7230 /* ContentView.swift */; };
		8C3B465F2B66DE6F005E7230 /* Assets.xcassets in Resources */ = {isa = PBXBuildFile; fileRef = 8C3B465E2B66DE6F005E7230 /* Assets.xcassets */; };
		8C3B46622B66DE6F005E7230 /* Preview Assets.xcassets in Resources */ = {isa = PBXBuildFile; fileRef = 8C3B46612B66DE6F005E7230 /* Preview Assets.xcassets */; };
		8C3B46692B66E1E4005E7230 /* TestView1.swift in Sources */ = {isa = PBXBuildFile; fileRef = 8C3B46682B66E1E4005E7230 /* TestView1.swift */; };
		8C3B466B2B66E50B005E7230 /* TestView2.swift in Sources */ = {isa = PBXBuildFile; fileRef = 8C3B466A2B66E50B005E7230 /* TestView2.swift */; };
		8C3B466D2B66EAE9005E7230 /* TestView3.swift in Sources */ = {isa = PBXBuildFile; fileRef = 8C3B466C2B66EAE9005E7230 /* TestView3.swift */; };
/* End PBXBuildFile section */

/* Begin PBXFileReference section */
		8C2C43922B66EBDA00CD7F80 /* TestView4.swift */ = {isa = PBXFileReference; lastKnownFileType = sourcecode.swift; path = TestView4.swift; sourceTree = "<group>"; };
		8C2C43942B66EF1900CD7F80 /* TestView5.swift */ = {isa = PBXFileReference; lastKnownFileType = sourcecode.swift; path = TestView5.swift; sourceTree = "<group>"; };
		8C2C43962B66EFA400CD7F80 /* TestView6.swift */ = {isa = PBXFileReference; lastKnownFileType = sourcecode.swift; path = TestView6.swift; sourceTree = "<group>"; };
		8C2C43982B66F04500CD7F80 /* TestView7.swift */ = {isa = PBXFileReference; lastKnownFileType = sourcecode.swift; path = TestView7.swift; sourceTree = "<group>"; };
		8C2C439A2B66F2F500CD7F80 /* TestView8.swift */ = {isa = PBXFileReference; lastKnownFileType = sourcecode.swift; path = TestView8.swift; sourceTree = "<group>"; };
		8C2C439E2B66F4EE00CD7F80 /* TestView9.swift */ = {isa = PBXFileReference; lastKnownFileType = sourcecode.swift; path = TestView9.swift; sourceTree = "<group>"; };
		8C2C43A02B66F90500CD7F80 /* TestView10.swift */ = {isa = PBXFileReference; lastKnownFileType = sourcecode.swift; path = TestView10.swift; sourceTree = "<group>"; };
		8C3B46572B66DE6E005E7230 /* SwiftUIProject18.app */ = {isa = PBXFileReference; explicitFileType = wrapper.application; includeInIndex = 0; path = SwiftUIProject18.app; sourceTree = BUILT_PRODUCTS_DIR; };
		8C3B465A2B66DE6E005E7230 /* SwiftUIProject18App.swift */ = {isa = PBXFileReference; lastKnownFileType = sourcecode.swift; path = SwiftUIProject18App.swift; sourceTree = "<group>"; };
		8C3B465C2B66DE6E005E7230 /* ContentView.swift */ = {isa = PBXFileReference; lastKnownFileType = sourcecode.swift; path = ContentView.swift; sourceTree = "<group>"; };
		8C3B465E2B66DE6F005E7230 /* Assets.xcassets */ = {isa = PBXFileReference; lastKnownFileType = folder.assetcatalog; path = Assets.xcassets; sourceTree = "<group>"; };
		8C3B46612B66DE6F005E7230 /* Preview Assets.xcassets */ = {isa = PBXFileReference; lastKnownFileType = folder.assetcatalog; path = "Preview Assets.xcassets"; sourceTree = "<group>"; };
		8C3B46682B66E1E4005E7230 /* TestView1.swift */ = {isa = PBXFileReference; lastKnownFileType = sourcecode.swift; path = TestView1.swift; sourceTree = "<group>"; };
		8C3B466A2B66E50B005E7230 /* TestView2.swift */ = {isa = PBXFileReference; lastKnownFileType = sourcecode.swift; path = TestView2.swift; sourceTree = "<group>"; };
		8C3B466C2B66EAE9005E7230 /* TestView3.swift */ = {isa = PBXFileReference; lastKnownFileType = sourcecode.swift; path = TestView3.swift; sourceTree = "<group>"; };
/* End PBXFileReference section */

/* Begin PBXFrameworksBuildPhase section */
		8C3B46542B66DE6E005E7230 /* Frameworks */ = {
			isa = PBXFrameworksBuildPhase;
			buildActionMask = 2147483647;
			files = (
			);
			runOnlyForDeploymentPostprocessing = 0;
		};
/* End PBXFrameworksBuildPhase section */

/* Begin PBXGroup section */
		8C3B464E2B66DE6E005E7230 = {
			isa = PBXGroup;
			children = (
				8C3B46592B66DE6E005E7230 /* SwiftUIProject18 */,
				8C3B46582B66DE6E005E7230 /* Products */,
			);
			sourceTree = "<group>";
		};
		8C3B46582B66DE6E005E7230 /* Products */ = {
			isa = PBXGroup;
			children = (
				8C3B46572B66DE6E005E7230 /* SwiftUIProject18.app */,
			);
			name = Products;
			sourceTree = "<group>";
		};
		8C3B46592B66DE6E005E7230 /* SwiftUIProject18 */ = {
			isa = PBXGroup;
			children = (
				8C3B465A2B66DE6E005E7230 /* SwiftUIProject18App.swift */,
				8C3B465C2B66DE6E005E7230 /* ContentView.swift */,
				8C3B465E2B66DE6F005E7230 /* Assets.xcassets */,
				8C3B46682B66E1E4005E7230 /* TestView1.swift */,
				8C3B466A2B66E50B005E7230 /* TestView2.swift */,
				8C3B466C2B66EAE9005E7230 /* TestView3.swift */,
				8C2C43922B66EBDA00CD7F80 /* TestView4.swift */,
				8C2C43942B66EF1900CD7F80 /* TestView5.swift */,
				8C2C43962B66EFA400CD7F80 /* TestView6.swift */,
				8C2C43982B66F04500CD7F80 /* TestView7.swift */,
				8C2C439A2B66F2F500CD7F80 /* TestView8.swift */,
				8C2C439E2B66F4EE00CD7F80 /* TestView9.swift */,
				8C2C43A02B66F90500CD7F80 /* TestView10.swift */,
				8C3B46602B66DE6F005E7230 /* Preview Content */,
			);
			path = SwiftUIProject18;
			sourceTree = "<group>";
		};
		8C3B46602B66DE6F005E7230 /* Preview Content */ = {
			isa = PBXGroup;
			children = (
				8C3B46612B66DE6F005E7230 /* Preview Assets.xcassets */,
			);
			path = "Preview Content";
			sourceTree = "<group>";
		};
/* End PBXGroup section */

/* Begin PBXNativeTarget section */
		8C3B46562B66DE6E005E7230 /* SwiftUIProject18 */ = {
			isa = PBXNativeTarget;
			buildConfigurationList = 8C3B46652B66DE6F005E7230 /* Build configuration list for PBXNativeTarget "SwiftUIProject18" */;
			buildPhases = (
				8C3B46532B66DE6E005E7230 /* Sources */,
				8C3B46542B66DE6E005E7230 /* Frameworks */,
				8C3B46552B66DE6E005E7230 /* Resources */,
			);
			buildRules = (
			);
			dependencies = (
			);
			name = SwiftUIProject18;
			productName = SwiftUIProject18;
			productReference = 8C3B46572B66DE6E005E7230 /* SwiftUIProject18.app */;
			productType = "com.apple.product-type.application";
		};
/* End PBXNativeTarget section */

/* Begin PBXProject section */
		8C3B464F2B66DE6E005E7230 /* Project object */ = {
			isa = PBXProject;
			attributes = {
				BuildIndependentTargetsInParallel = 1;
				LastSwiftUpdateCheck = 1520;
				LastUpgradeCheck = 1520;
				TargetAttributes = {
					8C3B46562B66DE6E005E7230 = {
						CreatedOnToolsVersion = 15.2;
					};
				};
			};
			buildConfigurationList = 8C3B46522B66DE6E005E7230 /* Build configuration list for PBXProject "SwiftUIProject18" */;
			compatibilityVersion = "Xcode 14.0";
			developmentRegion = en;
			hasScannedForEncodings = 0;
			knownRegions = (
				en,
				Base,
			);
			mainGroup = 8C3B464E2B66DE6E005E7230;
			productRefGroup = 8C3B46582B66DE6E005E7230 /* Products */;
			projectDirPath = "";
			projectRoot = "";
			targets = (
				8C3B46562B66DE6E005E7230 /* SwiftUIProject18 */,
			);
		};
/* End PBXProject section */

/* Begin PBXResourcesBuildPhase section */
		8C3B46552B66DE6E005E7230 /* Resources */ = {
			isa = PBXResourcesBuildPhase;
			buildActionMask = 2147483647;
			files = (
				8C3B46622B66DE6F005E7230 /* Preview Assets.xcassets in Resources */,
				8C3B465F2B66DE6F005E7230 /* Assets.xcassets in Resources */,
			);
			runOnlyForDeploymentPostprocessing = 0;
		};
/* End PBXResourcesBuildPhase section */

/* Begin PBXSourcesBuildPhase section */
		8C3B46532B66DE6E005E7230 /* Sources */ = {
			isa = PBXSourcesBuildPhase;
			buildActionMask = 2147483647;
			files = (
				8C3B46692B66E1E4005E7230 /* TestView1.swift in Sources */,
				8C2C43952B66EF1900CD7F80 /* TestView5.swift in Sources */,
				8C2C43932B66EBDA00CD7F80 /* TestView4.swift in Sources */,
				8C2C43992B66F04500CD7F80 /* TestView7.swift in Sources */,
				8C2C43972B66EFA400CD7F80 /* TestView6.swift in Sources */,
				8C2C439B2B66F2F500CD7F80 /* TestView8.swift in Sources */,
				8C3B465D2B66DE6E005E7230 /* ContentView.swift in Sources */,
				8C2C43A12B66F90500CD7F80 /* TestView10.swift in Sources */,
				8C3B465B2B66DE6E005E7230 /* SwiftUIProject18App.swift in Sources */,
				8C3B466D2B66EAE9005E7230 /* TestView3.swift in Sources */,
				8C2C439F2B66F4EE00CD7F80 /* TestView9.swift in Sources */,
				8C3B466B2B66E50B005E7230 /* TestView2.swift in Sources */,
			);
			runOnlyForDeploymentPostprocessing = 0;
		};
/* End PBXSourcesBuildPhase section */

/* Begin XCBuildConfiguration section */
		8C3B46632B66DE6F005E7230 /* Debug */ = {
			isa = XCBuildConfiguration;
			buildSettings = {
				ALWAYS_SEARCH_USER_PATHS = NO;
				ASSETCATALOG_COMPILER_GENERATE_SWIFT_ASSET_SYMBOL_EXTENSIONS = YES;
				CLANG_ANALYZER_NONNULL = YES;
				CLANG_ANALYZER_NUMBER_OBJECT_CONVERSION = YES_AGGRESSIVE;
				CLANG_CXX_LANGUAGE_STANDARD = "gnu++20";
				CLANG_ENABLE_MODULES = YES;
				CLANG_ENABLE_OBJC_ARC = YES;
				CLANG_ENABLE_OBJC_WEAK = YES;
				CLANG_WARN_BLOCK_CAPTURE_AUTORELEASING = YES;
				CLANG_WARN_BOOL_CONVERSION = YES;
				CLANG_WARN_COMMA = YES;
				CLANG_WARN_CONSTANT_CONVERSION = YES;
				CLANG_WARN_DEPRECATED_OBJC_IMPLEMENTATIONS = YES;
				CLANG_WARN_DIRECT_OBJC_ISA_USAGE = YES_ERROR;
				CLANG_WARN_DOCUMENTATION_COMMENTS = YES;
				CLANG_WARN_EMPTY_BODY = YES;
				CLANG_WARN_ENUM_CONVERSION = YES;
				CLANG_WARN_INFINITE_RECURSION = YES;
				CLANG_WARN_INT_CONVERSION = YES;
				CLANG_WARN_NON_LITERAL_NULL_CONVERSION = YES;
				CLANG_WARN_OBJC_IMPLICIT_RETAIN_SELF = YES;
				CLANG_WARN_OBJC_LITERAL_CONVERSION = YES;
				CLANG_WARN_OBJC_ROOT_CLASS = YES_ERROR;
				CLANG_WARN_QUOTED_INCLUDE_IN_FRAMEWORK_HEADER = YES;
				CLANG_WARN_RANGE_LOOP_ANALYSIS = YES;
				CLANG_WARN_STRICT_PROTOTYPES = YES;
				CLANG_WARN_SUSPICIOUS_MOVE = YES;
				CLANG_WARN_UNGUARDED_AVAILABILITY = YES_AGGRESSIVE;
				CLANG_WARN_UNREACHABLE_CODE = YES;
				CLANG_WARN__DUPLICATE_METHOD_MATCH = YES;
				COPY_PHASE_STRIP = NO;
				DEBUG_INFORMATION_FORMAT = dwarf;
				ENABLE_STRICT_OBJC_MSGSEND = YES;
				ENABLE_TESTABILITY = YES;
				ENABLE_USER_SCRIPT_SANDBOXING = YES;
				GCC_C_LANGUAGE_STANDARD = gnu17;
				GCC_DYNAMIC_NO_PIC = NO;
				GCC_NO_COMMON_BLOCKS = YES;
				GCC_OPTIMIZATION_LEVEL = 0;
				GCC_PREPROCESSOR_DEFINITIONS = (
					"DEBUG=1",
					"$(inherited)",
				);
				GCC_WARN_64_TO_32_BIT_CONVERSION = YES;
				GCC_WARN_ABOUT_RETURN_TYPE = YES_ERROR;
				GCC_WARN_UNDECLARED_SELECTOR = YES;
				GCC_WARN_UNINITIALIZED_AUTOS = YES_AGGRESSIVE;
				GCC_WARN_UNUSED_FUNCTION = YES;
				GCC_WARN_UNUSED_VARIABLE = YES;
				IPHONEOS_DEPLOYMENT_TARGET = 17.2;
				LOCALIZATION_PREFERS_STRING_CATALOGS = YES;
				MTL_ENABLE_DEBUG_INFO = INCLUDE_SOURCE;
				MTL_FAST_MATH = YES;
				ONLY_ACTIVE_ARCH = YES;
				SDKROOT = iphoneos;
				SWIFT_ACTIVE_COMPILATION_CONDITIONS = "DEBUG $(inherited)";
				SWIFT_OPTIMIZATION_LEVEL = "-Onone";
			};
			name = Debug;
		};
		8C3B46642B66DE6F005E7230 /* Release */ = {
			isa = XCBuildConfiguration;
			buildSettings = {
				ALWAYS_SEARCH_USER_PATHS = NO;
				ASSETCATALOG_COMPILER_GENERATE_SWIFT_ASSET_SYMBOL_EXTENSIONS = YES;
				CLANG_ANALYZER_NONNULL = YES;
				CLANG_ANALYZER_NUMBER_OBJECT_CONVERSION = YES_AGGRESSIVE;
				CLANG_CXX_LANGUAGE_STANDARD = "gnu++20";
				CLANG_ENABLE_MODULES = YES;
				CLANG_ENABLE_OBJC_ARC = YES;
				CLANG_ENABLE_OBJC_WEAK = YES;
				CLANG_WARN_BLOCK_CAPTURE_AUTORELEASING = YES;
				CLANG_WARN_BOOL_CONVERSION = YES;
				CLANG_WARN_COMMA = YES;
				CLANG_WARN_CONSTANT_CONVERSION = YES;
				CLANG_WARN_DEPRECATED_OBJC_IMPLEMENTATIONS = YES;
				CLANG_WARN_DIRECT_OBJC_ISA_USAGE = YES_ERROR;
				CLANG_WARN_DOCUMENTATION_COMMENTS = YES;
				CLANG_WARN_EMPTY_BODY = YES;
				CLANG_WARN_ENUM_CONVERSION = YES;
				CLANG_WARN_INFINITE_RECURSION = YES;
				CLANG_WARN_INT_CONVERSION = YES;
				CLANG_WARN_NON_LITERAL_NULL_CONVERSION = YES;
				CLANG_WARN_OBJC_IMPLICIT_RETAIN_SELF = YES;
				CLANG_WARN_OBJC_LITERAL_CONVERSION = YES;
				CLANG_WARN_OBJC_ROOT_CLASS = YES_ERROR;
				CLANG_WARN_QUOTED_INCLUDE_IN_FRAMEWORK_HEADER = YES;
				CLANG_WARN_RANGE_LOOP_ANALYSIS = YES;
				CLANG_WARN_STRICT_PROTOTYPES = YES;
				CLANG_WARN_SUSPICIOUS_MOVE = YES;
				CLANG_WARN_UNGUARDED_AVAILABILITY = YES_AGGRESSIVE;
				CLANG_WARN_UNREACHABLE_CODE = YES;
				CLANG_WARN__DUPLICATE_METHOD_MATCH = YES;
				COPY_PHASE_STRIP = NO;
				DEBUG_INFORMATION_FORMAT = "dwarf-with-dsym";
				ENABLE_NS_ASSERTIONS = NO;
				ENABLE_STRICT_OBJC_MSGSEND = YES;
				ENABLE_USER_SCRIPT_SANDBOXING = YES;
				GCC_C_LANGUAGE_STANDARD = gnu17;
				GCC_NO_COMMON_BLOCKS = YES;
				GCC_WARN_64_TO_32_BIT_CONVERSION = YES;
				GCC_WARN_ABOUT_RETURN_TYPE = YES_ERROR;
				GCC_WARN_UNDECLARED_SELECTOR = YES;
				GCC_WARN_UNINITIALIZED_AUTOS = YES_AGGRESSIVE;
				GCC_WARN_UNUSED_FUNCTION = YES;
				GCC_WARN_UNUSED_VARIABLE = YES;
				IPHONEOS_DEPLOYMENT_TARGET = 17.2;
				LOCALIZATION_PREFERS_STRING_CATALOGS = YES;
				MTL_ENABLE_DEBUG_INFO = NO;
				MTL_FAST_MATH = YES;
				SDKROOT = iphoneos;
				SWIFT_COMPILATION_MODE = wholemodule;
				VALIDATE_PRODUCT = YES;
			};
			name = Release;
		};
		8C3B46662B66DE6F005E7230 /* Debug */ = {
			isa = XCBuildConfiguration;
			buildSettings = {
				ASSETCATALOG_COMPILER_APPICON_NAME = AppIcon;
				ASSETCATALOG_COMPILER_GLOBAL_ACCENT_COLOR_NAME = AccentColor;
				CODE_SIGN_STYLE = Automatic;
				CURRENT_PROJECT_VERSION = 1;
				DEVELOPMENT_ASSET_PATHS = "\"SwiftUIProject18/Preview Content\"";
				ENABLE_PREVIEWS = YES;
				GENERATE_INFOPLIST_FILE = YES;
				INFOPLIST_KEY_UIApplicationSceneManifest_Generation = YES;
				INFOPLIST_KEY_UIApplicationSupportsIndirectInputEvents = YES;
				INFOPLIST_KEY_UILaunchScreen_Generation = YES;
				INFOPLIST_KEY_UISupportedInterfaceOrientations_iPad = "UIInterfaceOrientationPortrait UIInterfaceOrientationPortraitUpsideDown UIInterfaceOrientationLandscapeLeft UIInterfaceOrientationLandscapeRight";
				INFOPLIST_KEY_UISupportedInterfaceOrientations_iPhone = "UIInterfaceOrientationPortrait UIInterfaceOrientationLandscapeLeft UIInterfaceOrientationLandscapeRight";
				LD_RUNPATH_SEARCH_PATHS = (
					"$(inherited)",
					"@executable_path/Frameworks",
				);
				MARKETING_VERSION = 1.0;
				PRODUCT_BUNDLE_IDENTIFIER = me.zack.adams.SwiftUIProject18;
				PRODUCT_NAME = "$(TARGET_NAME)";
				SWIFT_EMIT_LOC_STRINGS = YES;
				SWIFT_VERSION = 5.0;
				TARGETED_DEVICE_FAMILY = "1,2";
			};
			name = Debug;
		};
		8C3B46672B66DE6F005E7230 /* Release */ = {
			isa = XCBuildConfiguration;
			buildSettings = {
				ASSETCATALOG_COMPILER_APPICON_NAME = AppIcon;
				ASSETCATALOG_COMPILER_GLOBAL_ACCENT_COLOR_NAME = AccentColor;
				CODE_SIGN_STYLE = Automatic;
				CURRENT_PROJECT_VERSION = 1;
				DEVELOPMENT_ASSET_PATHS = "\"SwiftUIProject18/Preview Content\"";
				ENABLE_PREVIEWS = YES;
				GENERATE_INFOPLIST_FILE = YES;
				INFOPLIST_KEY_UIApplicationSceneManifest_Generation = YES;
				INFOPLIST_KEY_UIApplicationSupportsIndirectInputEvents = YES;
				INFOPLIST_KEY_UILaunchScreen_Generation = YES;
				INFOPLIST_KEY_UISupportedInterfaceOrientations_iPad = "UIInterfaceOrientationPortrait UIInterfaceOrientationPortraitUpsideDown UIInterfaceOrientationLandscapeLeft UIInterfaceOrientationLandscapeRight";
				INFOPLIST_KEY_UISupportedInterfaceOrientations_iPhone = "UIInterfaceOrientationPortrait UIInterfaceOrientationLandscapeLeft UIInterfaceOrientationLandscapeRight";
				LD_RUNPATH_SEARCH_PATHS = (
					"$(inherited)",
					"@executable_path/Frameworks",
				);
				MARKETING_VERSION = 1.0;
				PRODUCT_BUNDLE_IDENTIFIER = me.zack.adams.SwiftUIProject18;
				PRODUCT_NAME = "$(TARGET_NAME)";
				SWIFT_EMIT_LOC_STRINGS = YES;
				SWIFT_VERSION = 5.0;
				TARGETED_DEVICE_FAMILY = "1,2";
			};
			name = Release;
		};
/* End XCBuildConfiguration section */

/* Begin XCConfigurationList section */
		8C3B46522B66DE6E005E7230 /* Build configuration list for PBXProject "SwiftUIProject18" */ = {
			isa = XCConfigurationList;
			buildConfigurations = (
				8C3B46632B66DE6F005E7230 /* Debug */,
				8C3B46642B66DE6F005E7230 /* Release */,
			);
			defaultConfigurationIsVisible = 0;
			defaultConfigurationName = Release;
		};
		8C3B46652B66DE6F005E7230 /* Build configuration list for PBXNativeTarget "SwiftUIProject18" */ = {
			isa = XCConfigurationList;
			buildConfigurations = (
				8C3B46662B66DE6F005E7230 /* Debug */,
				8C3B46672B66DE6F005E7230 /* Release */,
			);
			defaultConfigurationIsVisible = 0;
			defaultConfigurationName = Release;
		};
/* End XCConfigurationList section */
	};
	rootObject = 8C3B464F2B66DE6E005E7230 /* Project object */;
}
